
Microsoft Visual Studio Solution File, Format Version 12.00
# Visual Studio Version 17
VisualStudioVersion = 17.14.37710.0 d17.14
MinimumVisualStudioVersion = 10.0.40219.1
Project("{FAE04EC0-301F-11D3-BF4B-00C04F79EFBC}") = "Test_score_avrage_if_elseif", "Test_score_avrage_if_elseif\Test_score_avrage_if_elseif.csproj", "{0648517C-BF50-408E-9721-D10B15247BC1}"
EndProject
Global
	GlobalSection(SolutionConfigurationPlatforms) = preSolution
		Debug|Any CPU = Debug|Any CPU
		Release|Any CPU = Release|Any CPU
	EndGlobalSection
	GlobalSection(ProjectConfigurationPlatforms) = postSolution
		{0648517C-BF50-408E-9721-D10B15247BC1}.Debug|Any CPU.ActiveCfg = Debug|Any CPU
		{0648517C-BF50-408E-9721-D10B15247BC1}.Debug|Any CPU.Build.0 = Debug|Any CPU
		{0648517C-BF50-408E-9721-D10B15247BC1}.Release|Any CPU.ActiveCfg = Release|Any CPU
		{0648517C-BF50-408E-9721-D10B15247BC1}.Release|Any CPU.Build.0 = Release|Any CPU
	EndGlobalSection
	GlobalSection(SolutionProperties) = preSolution
		HideSolutionNode = FALSE
	EndGlobalSection
	GlobalSection(ExtensibilityGlobals) = postSolution
		SolutionGuid = {C06FBC42-A2FC-4A44-B832-2391E38A5809}
	EndGlobalSection
EndGlobal
